
Microsoft Visual Studio Solution File, Format Version 12.00
# Visual Studio 15
VisualStudioVersion = 15.0.27130.2024
MinimumVisualStudioVersion = 10.0.40219.1
Project("{FAE04EC0-301F-11D3-BF4B-00C04F79EFBC}") = "FtpUploader", "FtpUploader\FtpUploader.csproj", "{C8BAFC35-E57F-41B6-9196-95419B4D2EBB}"
EndProject
Global
	GlobalSection(SolutionConfigurationPlatforms) = preSolution
		Debug|Any CPU = Debug|Any CPU
		Release|Any CPU = Release|Any CPU
	EndGlobalSection
	GlobalSection(ProjectConfigurationPlatforms) = postSolution
		{C8BAFC35-E57F-41B6-9196-95419B4D2EBB}.Debug|Any CPU.ActiveCfg = Debug|Any CPU
		{C8BAFC35-E57F-41B6-9196-95419B4D2EBB}.Debug|Any CPU.Build.0 = Debug|Any CPU
		{C8BAFC35-E57F-41B6-9196-95419B4D2EBB}.Release|Any CPU.ActiveCfg = Release|Any CPU
		{C8BAFC35-E57F-41B6-9196-95419B4D2EBB}.Release|Any CPU.Build.0 = Release|Any CPU
	EndGlobalSection
	GlobalSection(SolutionProperties) = preSolution
		HideSolutionNode = FALSE
	EndGlobalSection
	GlobalSection(ExtensibilityGlobals) = postSolution
		SolutionGuid = {58B874F1-5811-4972-AA25-27AC08BBE214}
	EndGlobalSection
EndGlobal
